
Microsoft Visual Studio Solution File, Format Version 12.00
# Visual Studio Version 17
VisualStudioVersion = 17.14.37027.9 d17.14
MinimumVisualStudioVersion = 10.0.40219.1
Project("{FAE04EC0-301F-11D3-BF4B-00C04F79EFBC}") = "CleanArchitectureApi", "CleanArchitectureApi\CleanArchitectureApi.csproj", "{67EF94E9-E2F2-489E-BCCE-7A1CA0E31F64}"
EndProject
Project("{FAE04EC0-301F-11D3-BF4B-00C04F79EFBC}") = "CleanArchitectureApi.Application", "CleanArchitectureApi.Application\CleanArchitectureApi.Application.csproj", "{B30D10E0-1016-469D-BD40-1B29936E8ECA}"
EndProject
Project("{FAE04EC0-301F-11D3-BF4B-00C04F79EFBC}") = "CleanArchitectureApi.Domain", "CleanArchitectureApi.Domain\CleanArchitectureApi.Domain.csproj", "{906D9331-6663-4D55-92F1-8C42F92B806C}"
EndProject
Project("{FAE04EC0-301F-11D3-BF4B-00C04F79EFBC}") = "CleanArchitectureApi.Infrastructure", "CleanArchitectureApi.Infrastructure\CleanArchitectureApi.Infrastructure.csproj", "{23E50782-C418-4DA4-8B18-B9BC1C887D4F}"
EndProject
Global
	GlobalSection(SolutionConfigurationPlatforms) = preSolution
		Debug|Any CPU = Debug|Any CPU
		Release|Any CPU = Release|Any CPU
	EndGlobalSection
	GlobalSection(ProjectConfigurationPlatforms) = postSolution
		{67EF94E9-E2F2-489E-BCCE-7A1CA0E31F64}.Debug|Any CPU.ActiveCfg = Debug|Any CPU
		{67EF94E9-E2F2-489E-BCCE-7A1CA0E31F64}.Debug|Any CPU.Build.0 = Debug|Any CPU
		{67EF94E9-E2F2-489E-BCCE-7A1CA0E31F64}.Release|Any CPU.ActiveCfg = Release|Any CPU
		{67EF94E9-E2F2-489E-BCCE-7A1CA0E31F64}.Release|Any CPU.Build.0 = Release|Any CPU
		{B30D10E0-1016-469D-BD40-1B29936E8ECA}.Debug|Any CPU.ActiveCfg = Debug|Any CPU
		{B30D10E0-1016-469D-BD40-1B29936E8ECA}.Debug|Any CPU.Build.0 = Debug|Any CPU
		{B30D10E0-1016-469D-BD40-1B29936E8ECA}.Release|Any CPU.ActiveCfg = Release|Any CPU
		{B30D10E0-1016-469D-BD40-1B29936E8ECA}.Release|Any CPU.Build.0 = Release|Any CPU
		{906D9331-6663-4D55-92F1-8C42F92B806C}.Debug|Any CPU.ActiveCfg = Debug|Any CPU
		{906D9331-6663-4D55-92F1-8C42F92B806C}.Debug|Any CPU.Build.0 = Debug|Any CPU
		{906D9331-6663-4D55-92F1-8C42F92B806C}.Release|Any CPU.ActiveCfg = Release|Any CPU
		{906D9331-6663-4D55-92F1-8C42F92B806C}.Release|Any CPU.Build.0 = Release|Any CPU
		{23E50782-C418-4DA4-8B18-B9BC1C887D4F}.Debug|Any CPU.ActiveCfg = Debug|Any CPU
		{23E50782-C418-4DA4-8B18-B9BC1C887D4F}.Debug|Any CPU.Build.0 = Debug|Any CPU
		{23E50782-C418-4DA4-8B18-B9BC1C887D4F}.Release|Any CPU.ActiveCfg = Release|Any CPU
		{23E50782-C418-4DA4-8B18-B9BC1C887D4F}.Release|Any CPU.Build.0 = Release|Any CPU
	EndGlobalSection
	GlobalSection(SolutionProperties) = preSolution
		HideSolutionNode = FALSE
	EndGlobalSection
	GlobalSection(ExtensibilityGlobals) = postSolution
		SolutionGuid = {DF45D5C1-6CB4-4F88-9FBF-671080277E61}
	EndGlobalSection
EndGlobal
